
Microsoft Visual Studio Solution File, Format Version 12.00
# Visual Studio Version 17
VisualStudioVersion = 17.0.32126.317
MinimumVisualStudioVersion = 10.0.40219.1
Project("{2150E333-8FDC-42A3-9474-1A3956D46DE8}") = "FrontEnd", "FrontEnd", "{277AEFA2-1E33-48B7-A049-DB3D19B39BE6}"
EndProject
Project("{9A19103F-16F7-4668-BE54-9A1E7A4F7556}") = "Mango.Web", "Mango.Web\Mango.Web.csproj", "{F2246FEB-4A84-4EB0-B60B-1733A6689FA5}"
EndProject
Project("{2150E333-8FDC-42A3-9474-1A3956D46DE8}") = "Services", "Services", "{420D7C6C-2517-41F9-B5B7-B075165AF09D}"
EndProject
Project("{9A19103F-16F7-4668-BE54-9A1E7A4F7556}") = "Mango.Services.ProductAPI", "Mango.Services.ProductAPI\Mango.Services.ProductAPI.csproj", "{A70AA362-2432-49E8-BF8B-ED768D21B96D}"
EndProject
Project("{FAE04EC0-301F-11D3-BF4B-00C04F79EFBC}") = "IdentityServer", "IdentityServer\IdentityServer.csproj", "{B7E76B9F-569F-42AF-BFCD-022BA22A7F2C}"
EndProject
Global
	GlobalSection(SolutionConfigurationPlatforms) = preSolution
		Debug|Any CPU = Debug|Any CPU
		Release|Any CPU = Release|Any CPU
	EndGlobalSection
	GlobalSection(ProjectConfigurationPlatforms) = postSolution
		{F2246FEB-4A84-4EB0-B60B-1733A6689FA5}.Debug|Any CPU.ActiveCfg = Debug|Any CPU
		{F2246FEB-4A84-4EB0-B60B-1733A6689FA5}.Debug|Any CPU.Build.0 = Debug|Any CPU
		{F2246FEB-4A84-4EB0-B60B-1733A6689FA5}.Release|Any CPU.ActiveCfg = Release|Any CPU
		{F2246FEB-4A84-4EB0-B60B-1733A6689FA5}.Release|Any CPU.Build.0 = Release|Any CPU
		{A70AA362-2432-49E8-BF8B-ED768D21B96D}.Debug|Any CPU.ActiveCfg = Debug|Any CPU
		{A70AA362-2432-49E8-BF8B-ED768D21B96D}.Debug|Any CPU.Build.0 = Debug|Any CPU
		{A70AA362-2432-49E8-BF8B-ED768D21B96D}.Release|Any CPU.ActiveCfg = Release|Any CPU
		{A70AA362-2432-49E8-BF8B-ED768D21B96D}.Release|Any CPU.Build.0 = Release|Any CPU
		{B7E76B9F-569F-42AF-BFCD-022BA22A7F2C}.Debug|Any CPU.ActiveCfg = Debug|Any CPU
		{B7E76B9F-569F-42AF-BFCD-022BA22A7F2C}.Debug|Any CPU.Build.0 = Debug|Any CPU
		{B7E76B9F-569F-42AF-BFCD-022BA22A7F2C}.Release|Any CPU.ActiveCfg = Release|Any CPU
		{B7E76B9F-569F-42AF-BFCD-022BA22A7F2C}.Release|Any CPU.Build.0 = Release|Any CPU
	EndGlobalSection
	GlobalSection(SolutionProperties) = preSolution
		HideSolutionNode = FALSE
	EndGlobalSection
	GlobalSection(NestedProjects) = preSolution
		{F2246FEB-4A84-4EB0-B60B-1733A6689FA5} = {277AEFA2-1E33-48B7-A049-DB3D19B39BE6}
		{A70AA362-2432-49E8-BF8B-ED768D21B96D} = {420D7C6C-2517-41F9-B5B7-B075165AF09D}
		{B7E76B9F-569F-42AF-BFCD-022BA22A7F2C} = {420D7C6C-2517-41F9-B5B7-B075165AF09D}
	EndGlobalSection
	GlobalSection(ExtensibilityGlobals) = postSolution
		SolutionGuid = {A3DF84C1-2C33-491F-A2DF-D55D405D4CEA}
	EndGlobalSection
EndGlobal
